<?xml version="1.0" encoding="utf-8"?>
<Project ToolsVersion="4.0" xmlns="http://schemas.microsoft.com/developer/msbuild/2003">
  <ItemGroup>
    <Filter Include="Source Files">
      <UniqueIdentifier>{e649d78b-090e-4f97-b23e-0cd1af3d3f85}</UniqueIdentifier>
      <Extensions>cpp;c;cxx;rc;def;r;odl;idl;hpj;bat</Extensions>
    </Filter>
    <Filter Include="Header Files">
      <UniqueIdentifier>{6c4bd225-be34-44bc-8ba0-9337b7046ee8}</UniqueIdentifier>
      <Extensions>h;hpp;hxx;hm;inl</Extensions>
    </Filter>
  </ItemGroup>
  <ItemGroup>
    <ClCompile Include="src\UserLinkerPipe.cpp">
      <Filter>Source Files</Filter>
    </ClCompile>
    <ClCompile Include="src\UserModel.cpp">
      <Filter>Source Files</Filter>
    </ClCompile>
    <ClCompile Include="src\UserMutex.cpp">
      <Filter>Source Files</Filter>
    </ClCompile>
    <ClCompile Include="src\UserObject.cpp">
      <Filter>Source Files</Filter>
    </ClCompile>
    <ClCompile Include="src\UserSpaceMutex.cpp">
      <Filter>Source Files</Filter>
    </ClCompile>
    <ClCompile Include="src\UserSpacePool.cpp">
      <Filter>Source Files</Filter>
    </ClCompile>
    <ClCompile Include="src\UserSystem.cpp">
      <Filter>Source Files</Filter>
    </ClCompile>
    <ClCompile Include="src\UserTimeStamp.cpp">
      <Filter>Source Files</Filter>
    </ClCompile>
  </ItemGroup>
  <ItemGroup>
    <ClInclude Include="src\UserLinkerPipe.h">
      <Filter>Header Files</Filter>
    </ClInclude>
    <ClInclude Include="src\UserModel.h">
      <Filter>Header Files</Filter>
    </ClInclude>
    <ClInclude Include="src\UserMutex.h">
      <Filter>Header Files</Filter>
    </ClInclude>
    <ClInclude Include="src\UserObject.h">
      <Filter>Header Files</Filter>
    </ClInclude>
    <ClInclude Include="src\UserSpaceMutex.h">
      <Filter>Header Files</Filter>
    </ClInclude>
    <ClInclude Include="src\UserSpacePool.h">
      <Filter>Header Files</Filter>
    </ClInclude>
    <ClInclude Include="src\UserSystem.h">
      <Filter>Header Files</Filter>
    </ClInclude>
    <ClInclude Include="src\UserTimeStamp.h">
      <Filter>Header Files</Filter>
    </ClInclude>
  </ItemGroup>
</Project>