
Microsoft Visual Studio Solution File, Format Version 11.00
# Visual Studio 2010
Project("{8BC9CEB8-8B4A-11D0-8D11-00A0C91BC942}") = "TheorySpace", "TheorySapce\TheorySpace.vcxproj", "{A09C3017-AC25-A536-9CA0-5421C4BEBB19}"
EndProject
Project("{8BC9CEB8-8B4A-11D0-8D11-00A0C91BC942}") = "BaseSpace", "BaseSpace\BaseSpace.vcxproj", "{6CFC1489-3A05-C3F9-C474-CBFF95743068}"
	ProjectSection(ProjectDependencies) = postProject
		{A09C3017-AC25-A536-9CA0-5421C4BEBB19} = {A09C3017-AC25-A536-9CA0-5421C4BEBB19}
	EndProjectSection
EndProject
Project("{8BC9CEB8-8B4A-11D0-8D11-00A0C91BC942}") = "UserSpace_Boost", "UserSpace_boost\UserSpace_Boost.vcxproj", "{78E60DCA-AF73-587F-EA81-22F1776E8464}"
EndProject
Project("{8BC9CEB8-8B4A-11D0-8D11-00A0C91BC942}") = "UserSpace_Win32", "UserSpace_win32\UserSpace_Win32.vcxproj", "{D3F43F1F-5E74-6315-FED1-4B281AC509AA}"
EndProject
Global
	GlobalSection(SolutionConfigurationPlatforms) = preSolution
		Debug|Win32 = Debug|Win32
		Release|Win32 = Release|Win32
		Template|Win32 = Template|Win32
	EndGlobalSection
	GlobalSection(ProjectConfigurationPlatforms) = postSolution
		{A09C3017-AC25-A536-9CA0-5421C4BEBB19}.Debug|Win32.ActiveCfg = Debug|Win32
		{A09C3017-AC25-A536-9CA0-5421C4BEBB19}.Debug|Win32.Build.0 = Debug|Win32
		{A09C3017-AC25-A536-9CA0-5421C4BEBB19}.Release|Win32.ActiveCfg = Release|Win32
		{A09C3017-AC25-A536-9CA0-5421C4BEBB19}.Release|Win32.Build.0 = Release|Win32
		{A09C3017-AC25-A536-9CA0-5421C4BEBB19}.Template|Win32.ActiveCfg = Release|Win32
		{A09C3017-AC25-A536-9CA0-5421C4BEBB19}.Template|Win32.Build.0 = Release|Win32
		{6CFC1489-3A05-C3F9-C474-CBFF95743068}.Debug|Win32.ActiveCfg = Debug|Win32
		{6CFC1489-3A05-C3F9-C474-CBFF95743068}.Debug|Win32.Build.0 = Debug|Win32
		{6CFC1489-3A05-C3F9-C474-CBFF95743068}.Release|Win32.ActiveCfg = Release|Win32
		{6CFC1489-3A05-C3F9-C474-CBFF95743068}.Release|Win32.Build.0 = Release|Win32
		{6CFC1489-3A05-C3F9-C474-CBFF95743068}.Template|Win32.ActiveCfg = Release|Win32
		{6CFC1489-3A05-C3F9-C474-CBFF95743068}.Template|Win32.Build.0 = Release|Win32
		{78E60DCA-AF73-587F-EA81-22F1776E8464}.Debug|Win32.ActiveCfg = Debug|Win32
		{78E60DCA-AF73-587F-EA81-22F1776E8464}.Debug|Win32.Build.0 = Debug|Win32
		{78E60DCA-AF73-587F-EA81-22F1776E8464}.Release|Win32.ActiveCfg = Release|Win32
		{78E60DCA-AF73-587F-EA81-22F1776E8464}.Release|Win32.Build.0 = Release|Win32
		{78E60DCA-AF73-587F-EA81-22F1776E8464}.Template|Win32.ActiveCfg = Template|Win32
		{78E60DCA-AF73-587F-EA81-22F1776E8464}.Template|Win32.Build.0 = Template|Win32
		{D3F43F1F-5E74-6315-FED1-4B281AC509AA}.Debug|Win32.ActiveCfg = Debug|Win32
		{D3F43F1F-5E74-6315-FED1-4B281AC509AA}.Debug|Win32.Build.0 = Debug|Win32
		{D3F43F1F-5E74-6315-FED1-4B281AC509AA}.Release|Win32.ActiveCfg = Release|Win32
		{D3F43F1F-5E74-6315-FED1-4B281AC509AA}.Release|Win32.Build.0 = Release|Win32
		{D3F43F1F-5E74-6315-FED1-4B281AC509AA}.Template|Win32.ActiveCfg = Release|Win32
		{D3F43F1F-5E74-6315-FED1-4B281AC509AA}.Template|Win32.Build.0 = Release|Win32
	EndGlobalSection
	GlobalSection(SolutionProperties) = preSolution
		HideSolutionNode = FALSE
	EndGlobalSection
EndGlobal
