<?xml version="1.0" encoding="utf-8"?>
<Project ToolsVersion="4.0" xmlns="http://schemas.microsoft.com/developer/msbuild/2003">
  <ItemGroup>
    <Filter Include="uArm">
      <UniqueIdentifier>{dfea6ed1-25c0-41bc-b60a-74147f6dd740}</UniqueIdentifier>
    </Filter>
    <Filter Include="curl">
      <UniqueIdentifier>{91fbdd59-1b18-4586-965f-a3c7d684d14e}</UniqueIdentifier>
    </Filter>
    <Filter Include="win_api">
      <UniqueIdentifier>{73329ef5-f52f-474b-b07a-7d9339fdd2ce}</UniqueIdentifier>
    </Filter>
  </ItemGroup>
  <ItemGroup>
    <ClCompile Include="curl\CurlObject.cpp">
      <Filter>curl</Filter>
    </ClCompile>
    <ClCompile Include="uArm\ThinDataTransProtocal.cpp">
      <Filter>uArm</Filter>
    </ClCompile>
    <ClCompile Include="uArm\uArmObject.cpp">
      <Filter>uArm</Filter>
    </ClCompile>
    <ClCompile Include="win_api\WinAPIObject.cpp">
      <Filter>win_api</Filter>
    </ClCompile>
    <ClCompile Include="CreateObject.cpp" />
  </ItemGroup>
  <ItemGroup>
    <ClInclude Include="curl\CurlObject.h">
      <Filter>curl</Filter>
    </ClInclude>
    <ClInclude Include="uArm\ThinDataTransProtocal.h">
      <Filter>uArm</Filter>
    </ClInclude>
    <ClInclude Include="uArm\uArmObject.h">
      <Filter>uArm</Filter>
    </ClInclude>
    <ClInclude Include="win_api\WinAPIObject.h">
      <Filter>win_api</Filter>
    </ClInclude>
    <ClInclude Include="ObjectList.h" />
    <ClInclude Include="CreateObject.h" />
  </ItemGroup>
</Project>