<?xml version="1.0" encoding="utf-8"?>
<Project ToolsVersion="4.0" xmlns="http://schemas.microsoft.com/developer/msbuild/2003">
  <ItemGroup>
    <ClCompile Include="CreateObject.cpp" />
    <ClCompile Include="curl\CurlObject.cpp">
      <Filter>curl</Filter>
    </ClCompile>
    <ClCompile Include="uArm\ThinDataTransProtocal.cpp">
      <Filter>uArm</Filter>
    </ClCompile>
    <ClCompile Include="uArm\uArmObject.cpp">
      <Filter>uArm</Filter>
    </ClCompile>
    <ClCompile Include="win_api\WinAPIObject.cpp">
      <Filter>win_api</Filter>
    </ClCompile>
  </ItemGroup>
  <ItemGroup>
    <ClInclude Include="CreateObject.h" />
    <ClInclude Include="curl\CurlObject.h">
      <Filter>curl</Filter>
    </ClInclude>
    <ClInclude Include="uArm\ThinDataTransProtocal.h">
      <Filter>uArm</Filter>
    </ClInclude>
    <ClInclude Include="uArm\uArmObject.h">
      <Filter>uArm</Filter>
    </ClInclude>
    <ClInclude Include="win_api\WinAPIObject.h">
      <Filter>win_api</Filter>
    </ClInclude>
    <ClInclude Include="ObjectList.h" />
  </ItemGroup>
  <ItemGroup>
    <Filter Include="curl">
      <UniqueIdentifier>{b0e94053-bf8e-4bd4-a84c-da9256247773}</UniqueIdentifier>
    </Filter>
    <Filter Include="uArm">
      <UniqueIdentifier>{bf3d52f2-061c-44d5-95c3-a0af78261fff}</UniqueIdentifier>
    </Filter>
    <Filter Include="win_api">
      <UniqueIdentifier>{782698bd-7667-4a08-aa10-217447bfba04}</UniqueIdentifier>
    </Filter>
  </ItemGroup>
</Project>