<?xml version="1.0" encoding="utf-8"?>
<Project ToolsVersion="4.0" xmlns="http://schemas.microsoft.com/developer/msbuild/2003">
  <ItemGroup>
    <Filter Include="Source Files">
      <UniqueIdentifier>{7a9ff5b3-1b6c-4f8a-b217-d2b4ba2e49ff}</UniqueIdentifier>
      <Extensions>cpp;c;cxx;rc;def;r;odl;idl;hpj;bat</Extensions>
    </Filter>
    <Filter Include="Header Files">
      <UniqueIdentifier>{51a12b23-1494-4f59-83c8-a5f89d072cb5}</UniqueIdentifier>
      <Extensions>h;hpp;hxx;hm;inl</Extensions>
    </Filter>
    <Filter Include="Resource Files">
      <UniqueIdentifier>{62a513fa-e8bf-461d-a529-afb4fe769538}</UniqueIdentifier>
      <Extensions>ico;cur;bmp;dlg;rc2;rct;bin;rgs;gif;jpg;jpeg;jpe</Extensions>
    </Filter>
  </ItemGroup>
  <ItemGroup>
    <ClCompile Include="src\CreateObject.cpp">
      <Filter>Source Files</Filter>
    </ClCompile>
    <ClCompile Include="src\WinAPIObject.cpp">
      <Filter>Source Files</Filter>
    </ClCompile>
    <ClCompile Include="src\uArmObject.cpp">
      <Filter>Source Files</Filter>
    </ClCompile>
    <ClCompile Include="src\ThinDataTransProtocal.cpp">
      <Filter>Source Files</Filter>
    </ClCompile>
  </ItemGroup>
  <ItemGroup>
    <ClInclude Include="src\CreateObject.h">
      <Filter>Header Files</Filter>
    </ClInclude>
    <ClInclude Include="src\WinAPIObject.h">
      <Filter>Header Files</Filter>
    </ClInclude>
    <ClInclude Include="src\uArmObject.h">
      <Filter>Header Files</Filter>
    </ClInclude>
    <ClInclude Include="src\ObjectList.h">
      <Filter>Header Files</Filter>
    </ClInclude>
    <ClInclude Include="src\ThinDataTransProtocal.h">
      <Filter>Header Files</Filter>
    </ClInclude>
  </ItemGroup>
</Project>