
Microsoft Visual Studio Solution File, Format Version 11.00
# Visual Studio 2010
Project("{8BC9CEB8-8B4A-11D0-8D11-00A0C91BC942}") = "Brain", "..\Robot\Brain.lib\Brain.vcxproj", "{E61FD3FC-39A7-F48C-359F-315B1AC9D322}"
	ProjectSection(ProjectDependencies) = postProject
		{09D4C5DD-6905-9184-1AFE-3F18BFAED31C} = {09D4C5DD-6905-9184-1AFE-3F18BFAED31C}
		{BDD2B1FE-0BC5-F45F-9486-7F073A10D4A1} = {BDD2B1FE-0BC5-F45F-9486-7F073A10D4A1}
	EndProjectSection
EndProject
Project("{8BC9CEB8-8B4A-11D0-8D11-00A0C91BC942}") = "GMIS_WIN", "..\Robot\GMIS_win.exe\GMIS_WIN.vcxproj", "{8514DA79-EDF5-DB57-582E-8A865EFE8A70}"
	ProjectSection(ProjectDependencies) = postProject
		{E61FD3FC-39A7-F48C-359F-315B1AC9D322} = {E61FD3FC-39A7-F48C-359F-315B1AC9D322}
	EndProjectSection
EndProject
Project("{8BC9CEB8-8B4A-11D0-8D11-00A0C91BC942}") = "AbstractSpace", "..\BaseLib\AbstractSpace.lib\AbstractSpace.vcxproj", "{09D4C5DD-6905-9184-1AFE-3F18BFAED31C}"
EndProject
Project("{8BC9CEB8-8B4A-11D0-8D11-00A0C91BC942}") = "PhysicSpace", "..\BaseLib\PhysicSpace.lib\PhysicSpace.vcxproj", "{BDD2B1FE-0BC5-F45F-9486-7F073A10D4A1}"
EndProject
Project("{8BC9CEB8-8B4A-11D0-8D11-00A0C91BC942}") = "SpacePortal", "..\World\SpacePortal.exe\SpacePortal.vcxproj", "{A538562E-F428-28D4-4ECA-C5CB78EAF810}"
EndProject
Project("{8BC9CEB8-8B4A-11D0-8D11-00A0C91BC942}") = "VirtualSpace", "..\World\VirtualSpace.lib\VirtualSpace.vcxproj", "{220D8EEA-1B6E-9375-F853-A29978D0D730}"
EndProject
Project("{8BC9CEB8-8B4A-11D0-8D11-00A0C91BC942}") = "CreateObjectWin", "..\Object\CreateObjectWin.dll\CreateObjectWin.vcxproj", "{5BD30AB8-BD71-04FB-270F-D523FED32C0C}"
EndProject
Project("{8BC9CEB8-8B4A-11D0-8D11-00A0C91BC942}") = "VisualSpace", "..\BaseLib\VisualSpace.lib\VisualSpace.vcxproj", "{1FD29D2E-64B7-D2B4-AC26-7BDCE537BBE4}"
EndProject
Project("{8BC9CEB8-8B4A-11D0-8D11-00A0C91BC942}") = "ExecuterCli", "..\Object\ExecuterCli.exe\ExecuterCli.vcxproj", "{91C29346-987D-E897-52DD-5EF9327D9243}"
EndProject
Project("{8BC9CEB8-8B4A-11D0-8D11-00A0C91BC942}") = "PokerRobot", "..\poker\PokerRobot.vcxproj", "{2269C8E6-09A1-4703-87A4-FA9402EF3C84}"
EndProject
Global
	GlobalSection(SolutionConfigurationPlatforms) = preSolution
		debug_shared|Win32 = debug_shared|Win32
		debug_static_md|Win32 = debug_static_md|Win32
		debug_static_mt|Win32 = debug_static_mt|Win32
		Debug|Win32 = Debug|Win32
		release_shared|Win32 = release_shared|Win32
		release_static_md|Win32 = release_static_md|Win32
		release_static_mt|Win32 = release_static_mt|Win32
		Release|Win32 = Release|Win32
		Template|Win32 = Template|Win32
	EndGlobalSection
	GlobalSection(ProjectConfigurationPlatforms) = postSolution
		{E61FD3FC-39A7-F48C-359F-315B1AC9D322}.debug_shared|Win32.ActiveCfg = Debug|Win32
		{E61FD3FC-39A7-F48C-359F-315B1AC9D322}.debug_shared|Win32.Build.0 = Debug|Win32
		{E61FD3FC-39A7-F48C-359F-315B1AC9D322}.debug_static_md|Win32.ActiveCfg = Debug|Win32
		{E61FD3FC-39A7-F48C-359F-315B1AC9D322}.debug_static_md|Win32.Build.0 = Debug|Win32
		{E61FD3FC-39A7-F48C-359F-315B1AC9D322}.debug_static_mt|Win32.ActiveCfg = Debug|Win32
		{E61FD3FC-39A7-F48C-359F-315B1AC9D322}.debug_static_mt|Win32.Build.0 = Debug|Win32
		{E61FD3FC-39A7-F48C-359F-315B1AC9D322}.Debug|Win32.ActiveCfg = Debug|Win32
		{E61FD3FC-39A7-F48C-359F-315B1AC9D322}.Debug|Win32.Build.0 = Debug|Win32
		{E61FD3FC-39A7-F48C-359F-315B1AC9D322}.release_shared|Win32.ActiveCfg = Release|Win32
		{E61FD3FC-39A7-F48C-359F-315B1AC9D322}.release_shared|Win32.Build.0 = Release|Win32
		{E61FD3FC-39A7-F48C-359F-315B1AC9D322}.release_static_md|Win32.ActiveCfg = Release|Win32
		{E61FD3FC-39A7-F48C-359F-315B1AC9D322}.release_static_md|Win32.Build.0 = Release|Win32
		{E61FD3FC-39A7-F48C-359F-315B1AC9D322}.release_static_mt|Win32.ActiveCfg = Release|Win32
		{E61FD3FC-39A7-F48C-359F-315B1AC9D322}.release_static_mt|Win32.Build.0 = Release|Win32
		{E61FD3FC-39A7-F48C-359F-315B1AC9D322}.Release|Win32.ActiveCfg = Release|Win32
		{E61FD3FC-39A7-F48C-359F-315B1AC9D322}.Release|Win32.Build.0 = Release|Win32
		{E61FD3FC-39A7-F48C-359F-315B1AC9D322}.Template|Win32.ActiveCfg = Template|Win32
		{E61FD3FC-39A7-F48C-359F-315B1AC9D322}.Template|Win32.Build.0 = Template|Win32
		{8514DA79-EDF5-DB57-582E-8A865EFE8A70}.debug_shared|Win32.ActiveCfg = Debug|Win32
		{8514DA79-EDF5-DB57-582E-8A865EFE8A70}.debug_shared|Win32.Build.0 = Debug|Win32
		{8514DA79-EDF5-DB57-582E-8A865EFE8A70}.debug_static_md|Win32.ActiveCfg = Debug|Win32
		{8514DA79-EDF5-DB57-582E-8A865EFE8A70}.debug_static_md|Win32.Build.0 = Debug|Win32
		{8514DA79-EDF5-DB57-582E-8A865EFE8A70}.debug_static_mt|Win32.ActiveCfg = Debug|Win32
		{8514DA79-EDF5-DB57-582E-8A865EFE8A70}.debug_static_mt|Win32.Build.0 = Debug|Win32
		{8514DA79-EDF5-DB57-582E-8A865EFE8A70}.Debug|Win32.ActiveCfg = Debug|Win32
		{8514DA79-EDF5-DB57-582E-8A865EFE8A70}.Debug|Win32.Build.0 = Debug|Win32
		{8514DA79-EDF5-DB57-582E-8A865EFE8A70}.release_shared|Win32.ActiveCfg = Release|Win32
		{8514DA79-EDF5-DB57-582E-8A865EFE8A70}.release_shared|Win32.Build.0 = Release|Win32
		{8514DA79-EDF5-DB57-582E-8A865EFE8A70}.release_static_md|Win32.ActiveCfg = Release|Win32
		{8514DA79-EDF5-DB57-582E-8A865EFE8A70}.release_static_md|Win32.Build.0 = Release|Win32
		{8514DA79-EDF5-DB57-582E-8A865EFE8A70}.release_static_mt|Win32.ActiveCfg = Release|Win32
		{8514DA79-EDF5-DB57-582E-8A865EFE8A70}.release_static_mt|Win32.Build.0 = Release|Win32
		{8514DA79-EDF5-DB57-582E-8A865EFE8A70}.Release|Win32.ActiveCfg = Release|Win32
		{8514DA79-EDF5-DB57-582E-8A865EFE8A70}.Release|Win32.Build.0 = Release|Win32
		{8514DA79-EDF5-DB57-582E-8A865EFE8A70}.Template|Win32.ActiveCfg = Template|Win32
		{8514DA79-EDF5-DB57-582E-8A865EFE8A70}.Template|Win32.Build.0 = Template|Win32
		{09D4C5DD-6905-9184-1AFE-3F18BFAED31C}.debug_shared|Win32.ActiveCfg = Debug|Win32
		{09D4C5DD-6905-9184-1AFE-3F18BFAED31C}.debug_shared|Win32.Build.0 = Debug|Win32
		{09D4C5DD-6905-9184-1AFE-3F18BFAED31C}.debug_static_md|Win32.ActiveCfg = Debug|Win32
		{09D4C5DD-6905-9184-1AFE-3F18BFAED31C}.debug_static_md|Win32.Build.0 = Debug|Win32
		{09D4C5DD-6905-9184-1AFE-3F18BFAED31C}.debug_static_mt|Win32.ActiveCfg = Debug|Win32
		{09D4C5DD-6905-9184-1AFE-3F18BFAED31C}.debug_static_mt|Win32.Build.0 = Debug|Win32
		{09D4C5DD-6905-9184-1AFE-3F18BFAED31C}.Debug|Win32.ActiveCfg = Debug|Win32
		{09D4C5DD-6905-9184-1AFE-3F18BFAED31C}.Debug|Win32.Build.0 = Debug|Win32
		{09D4C5DD-6905-9184-1AFE-3F18BFAED31C}.release_shared|Win32.ActiveCfg = Release|Win32
		{09D4C5DD-6905-9184-1AFE-3F18BFAED31C}.release_shared|Win32.Build.0 = Release|Win32
		{09D4C5DD-6905-9184-1AFE-3F18BFAED31C}.release_static_md|Win32.ActiveCfg = Release|Win32
		{09D4C5DD-6905-9184-1AFE-3F18BFAED31C}.release_static_md|Win32.Build.0 = Release|Win32
		{09D4C5DD-6905-9184-1AFE-3F18BFAED31C}.release_static_mt|Win32.ActiveCfg = Release|Win32
		{09D4C5DD-6905-9184-1AFE-3F18BFAED31C}.release_static_mt|Win32.Build.0 = Release|Win32
		{09D4C5DD-6905-9184-1AFE-3F18BFAED31C}.Release|Win32.ActiveCfg = Release|Win32
		{09D4C5DD-6905-9184-1AFE-3F18BFAED31C}.Release|Win32.Build.0 = Release|Win32
		{09D4C5DD-6905-9184-1AFE-3F18BFAED31C}.Template|Win32.ActiveCfg = Release|Win32
		{09D4C5DD-6905-9184-1AFE-3F18BFAED31C}.Template|Win32.Build.0 = Release|Win32
		{BDD2B1FE-0BC5-F45F-9486-7F073A10D4A1}.debug_shared|Win32.ActiveCfg = Debug|Win32
		{BDD2B1FE-0BC5-F45F-9486-7F073A10D4A1}.debug_shared|Win32.Build.0 = Debug|Win32
		{BDD2B1FE-0BC5-F45F-9486-7F073A10D4A1}.debug_static_md|Win32.ActiveCfg = Debug|Win32
		{BDD2B1FE-0BC5-F45F-9486-7F073A10D4A1}.debug_static_md|Win32.Build.0 = Debug|Win32
		{BDD2B1FE-0BC5-F45F-9486-7F073A10D4A1}.debug_static_mt|Win32.ActiveCfg = Debug|Win32
		{BDD2B1FE-0BC5-F45F-9486-7F073A10D4A1}.debug_static_mt|Win32.Build.0 = Debug|Win32
		{BDD2B1FE-0BC5-F45F-9486-7F073A10D4A1}.Debug|Win32.ActiveCfg = Debug|Win32
		{BDD2B1FE-0BC5-F45F-9486-7F073A10D4A1}.Debug|Win32.Build.0 = Debug|Win32
		{BDD2B1FE-0BC5-F45F-9486-7F073A10D4A1}.release_shared|Win32.ActiveCfg = Release|Win32
		{BDD2B1FE-0BC5-F45F-9486-7F073A10D4A1}.release_shared|Win32.Build.0 = Release|Win32
		{BDD2B1FE-0BC5-F45F-9486-7F073A10D4A1}.release_static_md|Win32.ActiveCfg = Release|Win32
		{BDD2B1FE-0BC5-F45F-9486-7F073A10D4A1}.release_static_md|Win32.Build.0 = Release|Win32
		{BDD2B1FE-0BC5-F45F-9486-7F073A10D4A1}.release_static_mt|Win32.ActiveCfg = Release|Win32
		{BDD2B1FE-0BC5-F45F-9486-7F073A10D4A1}.release_static_mt|Win32.Build.0 = Release|Win32
		{BDD2B1FE-0BC5-F45F-9486-7F073A10D4A1}.Release|Win32.ActiveCfg = Release|Win32
		{BDD2B1FE-0BC5-F45F-9486-7F073A10D4A1}.Release|Win32.Build.0 = Release|Win32
		{BDD2B1FE-0BC5-F45F-9486-7F073A10D4A1}.Template|Win32.ActiveCfg = Release|Win32
		{BDD2B1FE-0BC5-F45F-9486-7F073A10D4A1}.Template|Win32.Build.0 = Release|Win32
		{A538562E-F428-28D4-4ECA-C5CB78EAF810}.debug_shared|Win32.ActiveCfg = Debug|Win32
		{A538562E-F428-28D4-4ECA-C5CB78EAF810}.debug_shared|Win32.Build.0 = Debug|Win32
		{A538562E-F428-28D4-4ECA-C5CB78EAF810}.debug_static_md|Win32.ActiveCfg = Debug|Win32
		{A538562E-F428-28D4-4ECA-C5CB78EAF810}.debug_static_md|Win32.Build.0 = Debug|Win32
		{A538562E-F428-28D4-4ECA-C5CB78EAF810}.debug_static_mt|Win32.ActiveCfg = Debug|Win32
		{A538562E-F428-28D4-4ECA-C5CB78EAF810}.debug_static_mt|Win32.Build.0 = Debug|Win32
		{A538562E-F428-28D4-4ECA-C5CB78EAF810}.Debug|Win32.ActiveCfg = Debug|Win32
		{A538562E-F428-28D4-4ECA-C5CB78EAF810}.Debug|Win32.Build.0 = Debug|Win32
		{A538562E-F428-28D4-4ECA-C5CB78EAF810}.release_shared|Win32.ActiveCfg = Release|Win32
		{A538562E-F428-28D4-4ECA-C5CB78EAF810}.release_shared|Win32.Build.0 = Release|Win32
		{A538562E-F428-28D4-4ECA-C5CB78EAF810}.release_static_md|Win32.ActiveCfg = Release|Win32
		{A538562E-F428-28D4-4ECA-C5CB78EAF810}.release_static_md|Win32.Build.0 = Release|Win32
		{A538562E-F428-28D4-4ECA-C5CB78EAF810}.release_static_mt|Win32.ActiveCfg = Release|Win32
		{A538562E-F428-28D4-4ECA-C5CB78EAF810}.release_static_mt|Win32.Build.0 = Release|Win32
		{A538562E-F428-28D4-4ECA-C5CB78EAF810}.Release|Win32.ActiveCfg = Release|Win32
		{A538562E-F428-28D4-4ECA-C5CB78EAF810}.Release|Win32.Build.0 = Release|Win32
		{A538562E-F428-28D4-4ECA-C5CB78EAF810}.Template|Win32.ActiveCfg = Release|Win32
		{A538562E-F428-28D4-4ECA-C5CB78EAF810}.Template|Win32.Build.0 = Release|Win32
		{220D8EEA-1B6E-9375-F853-A29978D0D730}.debug_shared|Win32.ActiveCfg = Debug|Win32
		{220D8EEA-1B6E-9375-F853-A29978D0D730}.debug_shared|Win32.Build.0 = Debug|Win32
		{220D8EEA-1B6E-9375-F853-A29978D0D730}.debug_static_md|Win32.ActiveCfg = Debug|Win32
		{220D8EEA-1B6E-9375-F853-A29978D0D730}.debug_static_md|Win32.Build.0 = Debug|Win32
		{220D8EEA-1B6E-9375-F853-A29978D0D730}.debug_static_mt|Win32.ActiveCfg = Debug|Win32
		{220D8EEA-1B6E-9375-F853-A29978D0D730}.debug_static_mt|Win32.Build.0 = Debug|Win32
		{220D8EEA-1B6E-9375-F853-A29978D0D730}.Debug|Win32.ActiveCfg = Debug|Win32
		{220D8EEA-1B6E-9375-F853-A29978D0D730}.Debug|Win32.Build.0 = Debug|Win32
		{220D8EEA-1B6E-9375-F853-A29978D0D730}.release_shared|Win32.ActiveCfg = Release|Win32
		{220D8EEA-1B6E-9375-F853-A29978D0D730}.release_shared|Win32.Build.0 = Release|Win32
		{220D8EEA-1B6E-9375-F853-A29978D0D730}.release_static_md|Win32.ActiveCfg = Release|Win32
		{220D8EEA-1B6E-9375-F853-A29978D0D730}.release_static_md|Win32.Build.0 = Release|Win32
		{220D8EEA-1B6E-9375-F853-A29978D0D730}.release_static_mt|Win32.ActiveCfg = Release|Win32
		{220D8EEA-1B6E-9375-F853-A29978D0D730}.release_static_mt|Win32.Build.0 = Release|Win32
		{220D8EEA-1B6E-9375-F853-A29978D0D730}.Release|Win32.ActiveCfg = Release|Win32
		{220D8EEA-1B6E-9375-F853-A29978D0D730}.Release|Win32.Build.0 = Release|Win32
		{220D8EEA-1B6E-9375-F853-A29978D0D730}.Template|Win32.ActiveCfg = Template|Win32
		{220D8EEA-1B6E-9375-F853-A29978D0D730}.Template|Win32.Build.0 = Template|Win32
		{5BD30AB8-BD71-04FB-270F-D523FED32C0C}.debug_shared|Win32.ActiveCfg = Debug|Win32
		{5BD30AB8-BD71-04FB-270F-D523FED32C0C}.debug_shared|Win32.Build.0 = Debug|Win32
		{5BD30AB8-BD71-04FB-270F-D523FED32C0C}.debug_static_md|Win32.ActiveCfg = Debug|Win32
		{5BD30AB8-BD71-04FB-270F-D523FED32C0C}.debug_static_md|Win32.Build.0 = Debug|Win32
		{5BD30AB8-BD71-04FB-270F-D523FED32C0C}.debug_static_mt|Win32.ActiveCfg = Debug|Win32
		{5BD30AB8-BD71-04FB-270F-D523FED32C0C}.debug_static_mt|Win32.Build.0 = Debug|Win32
		{5BD30AB8-BD71-04FB-270F-D523FED32C0C}.Debug|Win32.ActiveCfg = Debug|Win32
		{5BD30AB8-BD71-04FB-270F-D523FED32C0C}.Debug|Win32.Build.0 = Debug|Win32
		{5BD30AB8-BD71-04FB-270F-D523FED32C0C}.release_shared|Win32.ActiveCfg = Release|Win32
		{5BD30AB8-BD71-04FB-270F-D523FED32C0C}.release_shared|Win32.Build.0 = Release|Win32
		{5BD30AB8-BD71-04FB-270F-D523FED32C0C}.release_static_md|Win32.ActiveCfg = Release|Win32
		{5BD30AB8-BD71-04FB-270F-D523FED32C0C}.release_static_md|Win32.Build.0 = Release|Win32
		{5BD30AB8-BD71-04FB-270F-D523FED32C0C}.release_static_mt|Win32.ActiveCfg = Release|Win32
		{5BD30AB8-BD71-04FB-270F-D523FED32C0C}.release_static_mt|Win32.Build.0 = Release|Win32
		{5BD30AB8-BD71-04FB-270F-D523FED32C0C}.Release|Win32.ActiveCfg = Release|Win32
		{5BD30AB8-BD71-04FB-270F-D523FED32C0C}.Release|Win32.Build.0 = Release|Win32
		{5BD30AB8-BD71-04FB-270F-D523FED32C0C}.Template|Win32.ActiveCfg = Template|Win32
		{5BD30AB8-BD71-04FB-270F-D523FED32C0C}.Template|Win32.Build.0 = Template|Win32
		{1FD29D2E-64B7-D2B4-AC26-7BDCE537BBE4}.debug_shared|Win32.ActiveCfg = Debug|Win32
		{1FD29D2E-64B7-D2B4-AC26-7BDCE537BBE4}.debug_shared|Win32.Build.0 = Debug|Win32
		{1FD29D2E-64B7-D2B4-AC26-7BDCE537BBE4}.debug_static_md|Win32.ActiveCfg = Debug|Win32
		{1FD29D2E-64B7-D2B4-AC26-7BDCE537BBE4}.debug_static_md|Win32.Build.0 = Debug|Win32
		{1FD29D2E-64B7-D2B4-AC26-7BDCE537BBE4}.debug_static_mt|Win32.ActiveCfg = Debug|Win32
		{1FD29D2E-64B7-D2B4-AC26-7BDCE537BBE4}.debug_static_mt|Win32.Build.0 = Debug|Win32
		{1FD29D2E-64B7-D2B4-AC26-7BDCE537BBE4}.Debug|Win32.ActiveCfg = Debug|Win32
		{1FD29D2E-64B7-D2B4-AC26-7BDCE537BBE4}.Debug|Win32.Build.0 = Debug|Win32
		{1FD29D2E-64B7-D2B4-AC26-7BDCE537BBE4}.release_shared|Win32.ActiveCfg = Release|Win32
		{1FD29D2E-64B7-D2B4-AC26-7BDCE537BBE4}.release_shared|Win32.Build.0 = Release|Win32
		{1FD29D2E-64B7-D2B4-AC26-7BDCE537BBE4}.release_static_md|Win32.ActiveCfg = Release|Win32
		{1FD29D2E-64B7-D2B4-AC26-7BDCE537BBE4}.release_static_md|Win32.Build.0 = Release|Win32
		{1FD29D2E-64B7-D2B4-AC26-7BDCE537BBE4}.release_static_mt|Win32.ActiveCfg = Release|Win32
		{1FD29D2E-64B7-D2B4-AC26-7BDCE537BBE4}.release_static_mt|Win32.Build.0 = Release|Win32
		{1FD29D2E-64B7-D2B4-AC26-7BDCE537BBE4}.Release|Win32.ActiveCfg = Release|Win32
		{1FD29D2E-64B7-D2B4-AC26-7BDCE537BBE4}.Release|Win32.Build.0 = Release|Win32
		{1FD29D2E-64B7-D2B4-AC26-7BDCE537BBE4}.Template|Win32.ActiveCfg = Template|Win32
		{1FD29D2E-64B7-D2B4-AC26-7BDCE537BBE4}.Template|Win32.Build.0 = Template|Win32
		{91C29346-987D-E897-52DD-5EF9327D9243}.debug_shared|Win32.ActiveCfg = Debug|Win32
		{91C29346-987D-E897-52DD-5EF9327D9243}.debug_shared|Win32.Build.0 = Debug|Win32
		{91C29346-987D-E897-52DD-5EF9327D9243}.debug_static_md|Win32.ActiveCfg = Debug|Win32
		{91C29346-987D-E897-52DD-5EF9327D9243}.debug_static_md|Win32.Build.0 = Debug|Win32
		{91C29346-987D-E897-52DD-5EF9327D9243}.debug_static_mt|Win32.ActiveCfg = Debug|Win32
		{91C29346-987D-E897-52DD-5EF9327D9243}.debug_static_mt|Win32.Build.0 = Debug|Win32
		{91C29346-987D-E897-52DD-5EF9327D9243}.Debug|Win32.ActiveCfg = Debug|Win32
		{91C29346-987D-E897-52DD-5EF9327D9243}.Debug|Win32.Build.0 = Debug|Win32
		{91C29346-987D-E897-52DD-5EF9327D9243}.release_shared|Win32.ActiveCfg = Release|Win32
		{91C29346-987D-E897-52DD-5EF9327D9243}.release_shared|Win32.Build.0 = Release|Win32
		{91C29346-987D-E897-52DD-5EF9327D9243}.release_static_md|Win32.ActiveCfg = Release|Win32
		{91C29346-987D-E897-52DD-5EF9327D9243}.release_static_md|Win32.Build.0 = Release|Win32
		{91C29346-987D-E897-52DD-5EF9327D9243}.release_static_mt|Win32.ActiveCfg = Release|Win32
		{91C29346-987D-E897-52DD-5EF9327D9243}.release_static_mt|Win32.Build.0 = Release|Win32
		{91C29346-987D-E897-52DD-5EF9327D9243}.Release|Win32.ActiveCfg = Release|Win32
		{91C29346-987D-E897-52DD-5EF9327D9243}.Release|Win32.Build.0 = Release|Win32
		{91C29346-987D-E897-52DD-5EF9327D9243}.Template|Win32.ActiveCfg = Template|Win32
		{91C29346-987D-E897-52DD-5EF9327D9243}.Template|Win32.Build.0 = Template|Win32
		{2269C8E6-09A1-4703-87A4-FA9402EF3C84}.debug_shared|Win32.ActiveCfg = Debug|Win32
		{2269C8E6-09A1-4703-87A4-FA9402EF3C84}.debug_shared|Win32.Build.0 = Debug|Win32
		{2269C8E6-09A1-4703-87A4-FA9402EF3C84}.debug_static_md|Win32.ActiveCfg = Debug|Win32
		{2269C8E6-09A1-4703-87A4-FA9402EF3C84}.debug_static_md|Win32.Build.0 = Debug|Win32
		{2269C8E6-09A1-4703-87A4-FA9402EF3C84}.debug_static_mt|Win32.ActiveCfg = Debug|Win32
		{2269C8E6-09A1-4703-87A4-FA9402EF3C84}.debug_static_mt|Win32.Build.0 = Debug|Win32
		{2269C8E6-09A1-4703-87A4-FA9402EF3C84}.Debug|Win32.ActiveCfg = Debug|Win32
		{2269C8E6-09A1-4703-87A4-FA9402EF3C84}.Debug|Win32.Build.0 = Debug|Win32
		{2269C8E6-09A1-4703-87A4-FA9402EF3C84}.release_shared|Win32.ActiveCfg = Release|Win32
		{2269C8E6-09A1-4703-87A4-FA9402EF3C84}.release_shared|Win32.Build.0 = Release|Win32
		{2269C8E6-09A1-4703-87A4-FA9402EF3C84}.release_static_md|Win32.ActiveCfg = Release|Win32
		{2269C8E6-09A1-4703-87A4-FA9402EF3C84}.release_static_md|Win32.Build.0 = Release|Win32
		{2269C8E6-09A1-4703-87A4-FA9402EF3C84}.release_static_mt|Win32.ActiveCfg = Release|Win32
		{2269C8E6-09A1-4703-87A4-FA9402EF3C84}.release_static_mt|Win32.Build.0 = Release|Win32
		{2269C8E6-09A1-4703-87A4-FA9402EF3C84}.Release|Win32.ActiveCfg = Release|Win32
		{2269C8E6-09A1-4703-87A4-FA9402EF3C84}.Release|Win32.Build.0 = Release|Win32
		{2269C8E6-09A1-4703-87A4-FA9402EF3C84}.Template|Win32.ActiveCfg = Release|Win32
		{2269C8E6-09A1-4703-87A4-FA9402EF3C84}.Template|Win32.Build.0 = Release|Win32
	EndGlobalSection
	GlobalSection(SolutionProperties) = preSolution
		HideSolutionNode = FALSE
	EndGlobalSection
EndGlobal
