<?xml version="1.0" encoding="UTF-8" standalone="yes" ?>
<CodeBlocks_project_file>
	<FileVersion major="1" minor="6" />
	<Project>
		<Option title="BaseSpace" />
		<Option pch_mode="2" />
		<Option compiler="msvc10" />
		<Build>
			<Target title="Win32 Release">
				<Option output="D:\project\compile\VC\BaseSpace\Release\BaseSpace" prefix_auto="1" extension_auto="1" />
				<Option working_dir="" />
				<Option object_output="Release" />
				<Option type="2" />
				<Option compiler="msvc10" />
				<Option createDefFile="1" />
				<Compiler>
					<Add option="/W3" />
					<Add option="/GX" />
					<Add option="/O2" />
					<Add option="/DWIN32" />
					<Add option="/DNDEBUG" />
					<Add option="/D_MBCS" />
					<Add option="/D_LIB" />
					<Add option="/YX" />
					<Add option="/FD" />
				</Compiler>
			</Target>
			<Target title="Win32 Debug">
				<Option output="D:\project\obj\vc6\debug\BaseSpace\BaseSpace" prefix_auto="1" extension_auto="1" />
				<Option working_dir="" />
				<Option object_output="..\..\..\obj\vc6\debug\BaseSpace" />
				<Option type="2" />
				<Option compiler="msvc10" />
				<Option createDefFile="1" />
				<Compiler>
					<Add option="/W3" />
					<Add option="/Gm" />
					<Add option="/GX" />
					<Add option="/ZI" />
					<Add option="/Od" />
					<Add option="/DWIN32" />
					<Add option="/D_DEBUG" />
					<Add option="/D_MBCS" />
					<Add option="/D_LIB" />
					<Add option="/YX" />
					<Add option="/FD" />
					<Add option="/GZ" />
				</Compiler>
			</Target>
		</Build>
		<Unit filename="..\..\..\src\BaseSpace\BitwiseOperator.cpp" />
		<Unit filename="..\..\..\src\BaseSpace\LogicOperator.cpp" />
		<Unit filename="..\..\..\src\BaseSpace\MathematicalOperator.cpp" />
		<Unit filename="..\..\..\src\BaseSpace\RelationalOperator.cpp" />
		<Unit filename="..\..\..\src\BaseSpace\BitwiseOperator.h" />
		<Unit filename="..\..\..\src\BaseSpace\DefineDataOperator.h" />
		<Unit filename="..\..\..\src\BaseSpace\LogicElement.h" />
		<Unit filename="..\..\..\src\BaseSpace\LogicOperator.h" />
		<Unit filename="..\..\..\src\BaseSpace\MathematicalOperator.h" />
		<Unit filename="..\..\..\src\BaseSpace\RelationalOperator.h" />
		<Extensions>
			<code_completion />
			<envvars />
			<debugger />
			<lib_finder disable_auto="1" />
		</Extensions>
	</Project>
</CodeBlocks_project_file>
