<?xml version="1.0" encoding="utf-8"?>
<Project ToolsVersion="4.0" xmlns="http://schemas.microsoft.com/developer/msbuild/2003">
  <ItemGroup>
    <Filter Include="Source Files">
      <UniqueIdentifier>{1e9a0baf-b3d5-4218-b8ca-992849536fc0}</UniqueIdentifier>
      <Extensions>cpp;c;cxx;rc;def;r;odl;idl;hpj;bat</Extensions>
    </Filter>
    <Filter Include="Header Files">
      <UniqueIdentifier>{9affb014-6b1a-49c3-aa6a-9c153735ba4e}</UniqueIdentifier>
      <Extensions>h;hpp;hxx;hm;inl</Extensions>
    </Filter>
  </ItemGroup>
  <ItemGroup>
    <ClCompile Include="src\BitwiseOperator.cpp">
      <Filter>Source Files</Filter>
    </ClCompile>
    <ClCompile Include="src\LogicOperator.cpp">
      <Filter>Source Files</Filter>
    </ClCompile>
    <ClCompile Include="src\MathematicalOperator.cpp">
      <Filter>Source Files</Filter>
    </ClCompile>
    <ClCompile Include="src\RelationalOperator.cpp">
      <Filter>Source Files</Filter>
    </ClCompile>
  </ItemGroup>
  <ItemGroup>
    <ClInclude Include="src\BitwiseOperator.h">
      <Filter>Header Files</Filter>
    </ClInclude>
    <ClInclude Include="src\DefineDataOperator.h">
      <Filter>Header Files</Filter>
    </ClInclude>
    <ClInclude Include="src\LogicOperator.h">
      <Filter>Header Files</Filter>
    </ClInclude>
    <ClInclude Include="src\MathematicalOperator.h">
      <Filter>Header Files</Filter>
    </ClInclude>
    <ClInclude Include="src\RelationalOperator.h">
      <Filter>Header Files</Filter>
    </ClInclude>
  </ItemGroup>
</Project>