<?xml version="1.0" encoding="utf-8"?>
<Project ToolsVersion="4.0" xmlns="http://schemas.microsoft.com/developer/msbuild/2003">
  <ItemGroup>
    <Filter Include="Source Files">
      <UniqueIdentifier>{6b02927d-5b34-4e2f-be5c-7390b9d1f417}</UniqueIdentifier>
      <Extensions>cpp;c;cxx;rc;def;r;odl;idl;hpj;bat</Extensions>
    </Filter>
    <Filter Include="Header Files">
      <UniqueIdentifier>{82e10a58-0a83-40e8-8a77-0b0298b28e84}</UniqueIdentifier>
      <Extensions>h;hpp;hxx;hm;inl</Extensions>
    </Filter>
  </ItemGroup>
  <ItemGroup>
    <ClCompile Include="src\GLWin.cpp">
      <Filter>Source Files</Filter>
    </ClCompile>
    <ClCompile Include="src\GUIElementMisc.cpp">
      <Filter>Source Files</Filter>
    </ClCompile>
    <ClCompile Include="src\Ipclass.cpp">
      <Filter>Source Files</Filter>
    </ClCompile>
    <ClCompile Include="src\Label3D.cpp">
      <Filter>Source Files</Filter>
    </ClCompile>
    <ClCompile Include="src\ListView.cpp">
      <Filter>Source Files</Filter>
    </ClCompile>
    <ClCompile Include="src\PerformanceChart.cpp">
      <Filter>Source Files</Filter>
    </ClCompile>
    <ClCompile Include="src\Splitter.cpp">
      <Filter>Source Files</Filter>
    </ClCompile>
    <ClCompile Include="src\Text3D.cpp">
      <Filter>Source Files</Filter>
    </ClCompile>
    <ClCompile Include="src\TGLWin.cpp">
      <Filter>Source Files</Filter>
    </ClCompile>
    <ClCompile Include="src\TreeView.cpp">
      <Filter>Source Files</Filter>
    </ClCompile>
    <ClCompile Include="src\VisibleSpace.cpp">
      <Filter>Source Files</Filter>
    </ClCompile>
    <ClCompile Include="src\WinSpace2.cpp">
      <Filter>Source Files</Filter>
    </ClCompile>
    <ClCompile Include="src\WSAutoShowBar.cpp">
      <Filter>Source Files</Filter>
    </ClCompile>
    <ClCompile Include="src\WSFormView.cpp">
      <Filter>Source Files</Filter>
    </ClCompile>
    <ClCompile Include="src\WSFrameView.cpp">
      <Filter>Source Files</Filter>
    </ClCompile>
    <ClCompile Include="src\WSListView.cpp">
      <Filter>Source Files</Filter>
    </ClCompile>
    <ClCompile Include="src\WSPopView.cpp">
      <Filter>Source Files</Filter>
    </ClCompile>
    <ClCompile Include="src\WSScrollView.cpp">
      <Filter>Source Files</Filter>
    </ClCompile>
    <ClCompile Include="src\WSTitleView.cpp">
      <Filter>Source Files</Filter>
    </ClCompile>
    <ClCompile Include="src\WSToolbar.cpp">
      <Filter>Source Files</Filter>
    </ClCompile>
    <ClCompile Include="src\WSTreeView.cpp">
      <Filter>Source Files</Filter>
    </ClCompile>
  </ItemGroup>
  <ItemGroup>
    <ClInclude Include="src\GLWin.h">
      <Filter>Header Files</Filter>
    </ClInclude>
    <ClInclude Include="src\GUIElementMisc.h">
      <Filter>Header Files</Filter>
    </ClInclude>
    <ClInclude Include="src\Ipclass.h">
      <Filter>Header Files</Filter>
    </ClInclude>
    <ClInclude Include="src\Label3D.h">
      <Filter>Header Files</Filter>
    </ClInclude>
    <ClInclude Include="src\ListView.h">
      <Filter>Header Files</Filter>
    </ClInclude>
    <ClInclude Include="src\PerformanceChart.h">
      <Filter>Header Files</Filter>
    </ClInclude>
    <ClInclude Include="src\Splitter.h">
      <Filter>Header Files</Filter>
    </ClInclude>
    <ClInclude Include="src\Text3D.h">
      <Filter>Header Files</Filter>
    </ClInclude>
    <ClInclude Include="src\TGLWin.h">
      <Filter>Header Files</Filter>
    </ClInclude>
    <ClInclude Include="src\TreeView.h">
      <Filter>Header Files</Filter>
    </ClInclude>
    <ClInclude Include="src\VisibleSpace.h">
      <Filter>Header Files</Filter>
    </ClInclude>
    <ClInclude Include="src\WinSpace2.h">
      <Filter>Header Files</Filter>
    </ClInclude>
    <ClInclude Include="src\WSAutoShowBar.h">
      <Filter>Header Files</Filter>
    </ClInclude>
    <ClInclude Include="src\WSFormView.h">
      <Filter>Header Files</Filter>
    </ClInclude>
    <ClInclude Include="src\WSFrameView.h">
      <Filter>Header Files</Filter>
    </ClInclude>
    <ClInclude Include="src\WSListView.h">
      <Filter>Header Files</Filter>
    </ClInclude>
    <ClInclude Include="src\WSPopView.h">
      <Filter>Header Files</Filter>
    </ClInclude>
    <ClInclude Include="src\WSScrollView.h">
      <Filter>Header Files</Filter>
    </ClInclude>
    <ClInclude Include="src\WSTitleView.h">
      <Filter>Header Files</Filter>
    </ClInclude>
    <ClInclude Include="src\WSToolbar.h">
      <Filter>Header Files</Filter>
    </ClInclude>
    <ClInclude Include="src\WSTreeView.h">
      <Filter>Header Files</Filter>
    </ClInclude>
  </ItemGroup>
</Project>