<?xml version="1.0" encoding="utf-8"?>
<Project ToolsVersion="4.0" xmlns="http://schemas.microsoft.com/developer/msbuild/2003">
  <ItemGroup>
    <Filter Include="Source Files">
      <UniqueIdentifier>{1fc96ba8-735a-4311-ab42-24b521b61f0d}</UniqueIdentifier>
      <Extensions>cpp;c;cxx;rc;def;r;odl;idl;hpj;bat</Extensions>
    </Filter>
    <Filter Include="Header Files">
      <UniqueIdentifier>{059b31f2-232f-4254-b0a4-336206cc4180}</UniqueIdentifier>
      <Extensions>h;hpp;hxx;hm;inl</Extensions>
    </Filter>
    <Filter Include="Instincts">
      <UniqueIdentifier>{b3d509c1-7795-48e5-afb9-b07f3617dfda}</UniqueIdentifier>
    </Filter>
  </ItemGroup>
  <ItemGroup>
    <ClCompile Include="src\Brain.cpp">
      <Filter>Source Files</Filter>
    </ClCompile>
    <ClCompile Include="src\BrainMemory.cpp">
      <Filter>Source Files</Filter>
    </ClCompile>
    <ClCompile Include="src\BrainRequestProc.cpp">
      <Filter>Source Files</Filter>
    </ClCompile>
    <ClCompile Include="src\Element.cpp">
      <Filter>Source Files</Filter>
    </ClCompile>
    <ClCompile Include="src\LogicThread.cpp">
      <Filter>Source Files</Filter>
    </ClCompile>
    <ClCompile Include="src\LogicThread_BrainWork.cpp">
      <Filter>Source Files</Filter>
    </ClCompile>
    <ClCompile Include="src\LogicThread_Forecast.cpp">
      <Filter>Source Files</Filter>
    </ClCompile>
    <ClCompile Include="src\LogicThread_Learn.cpp">
      <Filter>Source Files</Filter>
    </ClCompile>
    <ClCompile Include="src\LogicThread_Think.cpp">
      <Filter>Source Files</Filter>
    </ClCompile>
    <ClCompile Include="src\NotifyMsgProc.cpp">
      <Filter>Source Files</Filter>
    </ClCompile>
    <ClCompile Include="src\TextAnalyse.cpp">
      <Filter>Source Files</Filter>
    </ClCompile>
    <ClCompile Include="src\BrainWebsocket.cpp">
      <Filter>Source Files</Filter>
    </ClCompile>
    <ClCompile Include="src\LogicTask.cpp">
      <Filter>Source Files</Filter>
    </ClCompile>
    <ClCompile Include="src\LogicDialog.cpp">
      <Filter>Source Files</Filter>
    </ClCompile>
    <ClCompile Include="src\LogicDialogFindProc.cpp">
      <Filter>Source Files</Filter>
    </ClCompile>
    <ClCompile Include="src\LogicDialogMemProc.cpp">
      <Filter>Source Files</Filter>
    </ClCompile>
    <ClCompile Include="src\LogicDialogMsgProc.cpp">
      <Filter>Source Files</Filter>
    </ClCompile>
    <ClCompile Include="src\BrainMsgProc.cpp">
      <Filter>Source Files</Filter>
    </ClCompile>
    <ClCompile Include="src\ElementMsgProc.cpp">
      <Filter>Source Files</Filter>
    </ClCompile>
    <ClCompile Include="src\Instincts\DebugBreak.cpp">
      <Filter>Instincts</Filter>
    </ClCompile>
    <ClCompile Include="src\Instincts\GotoLabel.cpp">
      <Filter>Instincts</Filter>
    </ClCompile>
    <ClCompile Include="src\Instincts\OutputInfo.cpp">
      <Filter>Instincts</Filter>
    </ClCompile>
    <ClCompile Include="src\Instincts\InputElt.cpp">
      <Filter>Instincts</Filter>
    </ClCompile>
    <ClCompile Include="src\Instincts\UseObjectElt.cpp">
      <Filter>Instincts</Filter>
    </ClCompile>
    <ClCompile Include="src\Instincts\UseRobotElt.cpp">
      <Filter>Instincts</Filter>
    </ClCompile>
    <ClCompile Include="src\Instincts\ConnectNetElt.cpp">
      <Filter>Instincts</Filter>
    </ClCompile>
    <ClCompile Include="src\Instincts\PipeViewElt.cpp">
      <Filter>Instincts</Filter>
    </ClCompile>
    <ClCompile Include="src\Instincts\BitwiseOperator.cpp">
      <Filter>Instincts</Filter>
    </ClCompile>
    <ClCompile Include="src\Instincts\LogicOperator.cpp">
      <Filter>Instincts</Filter>
    </ClCompile>
    <ClCompile Include="src\Instincts\MathematicalOperator.cpp">
      <Filter>Instincts</Filter>
    </ClCompile>
    <ClCompile Include="src\Instincts\RelationalOperator.cpp">
      <Filter>Instincts</Filter>
    </ClCompile>
    <ClCompile Include="src\Instincts\LogicElement.cpp">
      <Filter>Instincts</Filter>
    </ClCompile>
    <ClCompile Include="src\Instincts\BrainTestElt.cpp">
      <Filter>Instincts</Filter>
    </ClCompile>
    <ClCompile Include="src\Instincts\MemoryDataElt.cpp">
      <Filter>Instincts</Filter>
    </ClCompile>
    <ClCompile Include="src\Instincts\TimeOperator.cpp">
      <Filter>Instincts</Filter>
    </ClCompile>
    <ClCompile Include="src\BrainSysTask.cpp">
      <Filter>Source Files</Filter>
    </ClCompile>
    <ClCompile Include="src\Instincts\InterInstinct.cpp">
      <Filter>Instincts</Filter>
    </ClCompile>
  </ItemGroup>
  <ItemGroup>
    <ClInclude Include="src\Brain.h">
      <Filter>Header Files</Filter>
    </ClInclude>
    <ClInclude Include="src\BrainMemory.h">
      <Filter>Header Files</Filter>
    </ClInclude>
    <ClInclude Include="src\Element.h">
      <Filter>Header Files</Filter>
    </ClInclude>
    <ClInclude Include="src\GUIMsgDefine.h">
      <Filter>Header Files</Filter>
    </ClInclude>
    <ClInclude Include="src\InstinctDefine.h">
      <Filter>Header Files</Filter>
    </ClInclude>
    <ClInclude Include="src\LogicThread.h">
      <Filter>Header Files</Filter>
    </ClInclude>
    <ClInclude Include="src\MsgList.h">
      <Filter>Header Files</Filter>
    </ClInclude>
    <ClInclude Include="src\NotifyMsgDef.h">
      <Filter>Header Files</Filter>
    </ClInclude>
    <ClInclude Include="src\TextAnalyse.h">
      <Filter>Header Files</Filter>
    </ClInclude>
    <ClInclude Include="src\BrainWebsocket.h">
      <Filter>Header Files</Filter>
    </ClInclude>
    <ClInclude Include="src\LogicTask.h">
      <Filter>Header Files</Filter>
    </ClInclude>
    <ClInclude Include="src\LogicDialog.h">
      <Filter>Header Files</Filter>
    </ClInclude>
    <ClInclude Include="src\Instincts\DebugBreak.h">
      <Filter>Instincts</Filter>
    </ClInclude>
    <ClInclude Include="src\Instincts\GotoLabel.h">
      <Filter>Instincts</Filter>
    </ClInclude>
    <ClInclude Include="src\Instincts\OutputInfo.h">
      <Filter>Instincts</Filter>
    </ClInclude>
    <ClInclude Include="src\Instincts\InputElt.h">
      <Filter>Instincts</Filter>
    </ClInclude>
    <ClInclude Include="src\Instincts\UseObjectElt.h">
      <Filter>Instincts</Filter>
    </ClInclude>
    <ClInclude Include="src\Instincts\UseRobotElt.h">
      <Filter>Instincts</Filter>
    </ClInclude>
    <ClInclude Include="src\Instincts\ConnectNetElt.h">
      <Filter>Instincts</Filter>
    </ClInclude>
    <ClInclude Include="src\Instincts\PipeViewElt.h">
      <Filter>Instincts</Filter>
    </ClInclude>
    <ClInclude Include="src\Instincts\BitwiseOperator.h">
      <Filter>Instincts</Filter>
    </ClInclude>
    <ClInclude Include="src\Instincts\DefineDataOperator.h">
      <Filter>Instincts</Filter>
    </ClInclude>
    <ClInclude Include="src\Instincts\LogicOperator.h">
      <Filter>Instincts</Filter>
    </ClInclude>
    <ClInclude Include="src\Instincts\MathematicalOperator.h">
      <Filter>Instincts</Filter>
    </ClInclude>
    <ClInclude Include="src\Instincts\RelationalOperator.h">
      <Filter>Instincts</Filter>
    </ClInclude>
    <ClInclude Include="src\Instincts\LogicElement.h">
      <Filter>Instincts</Filter>
    </ClInclude>
    <ClInclude Include="src\Instincts\BrainTestElt.h">
      <Filter>Instincts</Filter>
    </ClInclude>
    <ClInclude Include="src\Instincts\MemoryDataElt.h">
      <Filter>Instincts</Filter>
    </ClInclude>
    <ClInclude Include="src\Instincts\TimeOperator.h">
      <Filter>Instincts</Filter>
    </ClInclude>
    <ClInclude Include="src\BrainSysTask.h">
      <Filter>Header Files</Filter>
    </ClInclude>
    <ClInclude Include="src\Instincts\InterInstinct.h">
      <Filter>Instincts</Filter>
    </ClInclude>
  </ItemGroup>
</Project>