<?xml version="1.0" encoding="utf-8"?>
<Project ToolsVersion="4.0" xmlns="http://schemas.microsoft.com/developer/msbuild/2003">
  <ItemGroup>
    <Filter Include="Source Files">
      <UniqueIdentifier>{1fc96ba8-735a-4311-ab42-24b521b61f0d}</UniqueIdentifier>
      <Extensions>cpp;c;cxx;rc;def;r;odl;idl;hpj;bat</Extensions>
    </Filter>
    <Filter Include="Header Files">
      <UniqueIdentifier>{059b31f2-232f-4254-b0a4-336206cc4180}</UniqueIdentifier>
      <Extensions>h;hpp;hxx;hm;inl</Extensions>
    </Filter>
  </ItemGroup>
  <ItemGroup>
    <ClCompile Include="src\Brain.cpp">
      <Filter>Source Files</Filter>
    </ClCompile>
    <ClCompile Include="src\Brain_Init.cpp">
      <Filter>Source Files</Filter>
    </ClCompile>
    <ClCompile Include="src\BrainMemory.cpp">
      <Filter>Source Files</Filter>
    </ClCompile>
    <ClCompile Include="src\BrainObject.cpp">
      <Filter>Source Files</Filter>
    </ClCompile>
    <ClCompile Include="src\BrainRequestProc.cpp">
      <Filter>Source Files</Filter>
    </ClCompile>
    <ClCompile Include="src\Element.cpp">
      <Filter>Source Files</Filter>
    </ClCompile>
    <ClCompile Include="src\LogicElement.cpp">
      <Filter>Source Files</Filter>
    </ClCompile>
    <ClCompile Include="src\LogicThread.cpp">
      <Filter>Source Files</Filter>
    </ClCompile>
    <ClCompile Include="src\LogicThread_BrainWork.cpp">
      <Filter>Source Files</Filter>
    </ClCompile>
    <ClCompile Include="src\LogicThread_Forecast.cpp">
      <Filter>Source Files</Filter>
    </ClCompile>
    <ClCompile Include="src\LogicThread_Learn.cpp">
      <Filter>Source Files</Filter>
    </ClCompile>
    <ClCompile Include="src\LogicThread_Think.cpp">
      <Filter>Source Files</Filter>
    </ClCompile>
    <ClCompile Include="src\NotifyMsgProc.cpp">
      <Filter>Source Files</Filter>
    </ClCompile>
    <ClCompile Include="src\TextAnalyse.cpp">
      <Filter>Source Files</Filter>
    </ClCompile>
    <ClCompile Include="src\BitwiseOperator.cpp">
      <Filter>Source Files</Filter>
    </ClCompile>
    <ClCompile Include="src\MathematicalOperator.cpp">
      <Filter>Source Files</Filter>
    </ClCompile>
    <ClCompile Include="src\RelationalOperator.cpp">
      <Filter>Source Files</Filter>
    </ClCompile>
    <ClCompile Include="src\LogicOperator.cpp">
      <Filter>Source Files</Filter>
    </ClCompile>
    <ClCompile Include="src\BrainWebsocket.cpp">
      <Filter>Source Files</Filter>
    </ClCompile>
    <ClCompile Include="src\LogicTask.cpp">
      <Filter>Source Files</Filter>
    </ClCompile>
    <ClCompile Include="src\LogicDialog.cpp">
      <Filter>Source Files</Filter>
    </ClCompile>
    <ClCompile Include="src\LogicDialogFindProc.cpp">
      <Filter>Source Files</Filter>
    </ClCompile>
    <ClCompile Include="src\LogicDialogMemProc.cpp">
      <Filter>Source Files</Filter>
    </ClCompile>
    <ClCompile Include="src\LogicDialogMsgProc.cpp">
      <Filter>Source Files</Filter>
    </ClCompile>
    <ClCompile Include="src\BrainMsgProc.cpp">
      <Filter>Source Files</Filter>
    </ClCompile>
    <ClCompile Include="src\ElementMsgProc.cpp">
      <Filter>Source Files</Filter>
    </ClCompile>
  </ItemGroup>
  <ItemGroup>
    <ClInclude Include="src\Brain.h">
      <Filter>Header Files</Filter>
    </ClInclude>
    <ClInclude Include="src\Brain_Init.h">
      <Filter>Header Files</Filter>
    </ClInclude>
    <ClInclude Include="src\BrainMemory.h">
      <Filter>Header Files</Filter>
    </ClInclude>
    <ClInclude Include="src\BrainObject.h">
      <Filter>Header Files</Filter>
    </ClInclude>
    <ClInclude Include="src\Element.h">
      <Filter>Header Files</Filter>
    </ClInclude>
    <ClInclude Include="src\GUIMsgDefine.h">
      <Filter>Header Files</Filter>
    </ClInclude>
    <ClInclude Include="src\InstinctDefine.h">
      <Filter>Header Files</Filter>
    </ClInclude>
    <ClInclude Include="src\LogicElement.h">
      <Filter>Header Files</Filter>
    </ClInclude>
    <ClInclude Include="src\LogicThread.h">
      <Filter>Header Files</Filter>
    </ClInclude>
    <ClInclude Include="src\MsgList.h">
      <Filter>Header Files</Filter>
    </ClInclude>
    <ClInclude Include="src\NotifyMsgDef.h">
      <Filter>Header Files</Filter>
    </ClInclude>
    <ClInclude Include="src\RobotMsgDefine.h">
      <Filter>Header Files</Filter>
    </ClInclude>
    <ClInclude Include="src\TextAnalyse.h">
      <Filter>Header Files</Filter>
    </ClInclude>
    <ClInclude Include="src\BitwiseOperator.h">
      <Filter>Header Files</Filter>
    </ClInclude>
    <ClInclude Include="src\DefineDataOperator.h">
      <Filter>Header Files</Filter>
    </ClInclude>
    <ClInclude Include="src\LogicOperator.h">
      <Filter>Header Files</Filter>
    </ClInclude>
    <ClInclude Include="src\MathematicalOperator.h">
      <Filter>Header Files</Filter>
    </ClInclude>
    <ClInclude Include="src\RelationalOperator.h">
      <Filter>Header Files</Filter>
    </ClInclude>
    <ClInclude Include="src\BrainWebsocket.h">
      <Filter>Header Files</Filter>
    </ClInclude>
    <ClInclude Include="src\LogicTask.h">
      <Filter>Header Files</Filter>
    </ClInclude>
    <ClInclude Include="src\LogicDialog.h">
      <Filter>Header Files</Filter>
    </ClInclude>
  </ItemGroup>
</Project>