<?xml version="1.0" encoding="utf-8"?>
<Project ToolsVersion="4.0" xmlns="http://schemas.microsoft.com/developer/msbuild/2003">
  <ItemGroup>
    <Filter Include="Source Files">
      <UniqueIdentifier>{ef656f20-9247-4d67-8c19-3a2d79d82fee}</UniqueIdentifier>
      <Extensions>cpp;c;cxx;rc;def;r;odl;idl;hpj;bat</Extensions>
    </Filter>
    <Filter Include="Header Files">
      <UniqueIdentifier>{7f0d573e-87bb-4b91-88b1-051adc29278f}</UniqueIdentifier>
      <Extensions>h;hpp;hxx;hm;inl</Extensions>
    </Filter>
    <Filter Include="Resource Files">
      <UniqueIdentifier>{995844d4-36ea-472b-9d30-246b3ebda6ac}</UniqueIdentifier>
      <Extensions>ico;cur;bmp;dlg;rc2;rct;bin;rgs;gif;jpg;jpeg;jpe</Extensions>
    </Filter>
  </ItemGroup>
  <ItemGroup>
    <ClCompile Include="src\AddressBar.cpp">
      <Filter>Source Files</Filter>
    </ClCompile>
    <ClCompile Include="src\Conversation.cpp">
      <Filter>Source Files</Filter>
    </ClCompile>
    <ClCompile Include="src\DebugView.cpp">
      <Filter>Source Files</Filter>
    </ClCompile>
    <ClCompile Include="src\DialogView.cpp">
      <Filter>Source Files</Filter>
    </ClCompile>
    <ClCompile Include="src\EditWin.cpp">
      <Filter>Source Files</Filter>
    </ClCompile>
    <ClCompile Include="src\FindView.cpp">
      <Filter>Source Files</Filter>
    </ClCompile>
    <ClCompile Include="src\GMIS.cpp">
      <Filter>Source Files</Filter>
    </ClCompile>
    <ClCompile Include="src\GuiGadget.cpp">
      <Filter>Source Files</Filter>
    </ClCompile>
    <ClCompile Include="src\InputWin.cpp">
      <Filter>Source Files</Filter>
    </ClCompile>
    <ClCompile Include="src\LineNumEdit.cpp">
      <Filter>Source Files</Filter>
    </ClCompile>
    <ClCompile Include="src\LinkerView.cpp">
      <Filter>Source Files</Filter>
    </ClCompile>
    <ClCompile Include="src\LocalObjectView.cpp">
      <Filter>Source Files</Filter>
    </ClCompile>
    <ClCompile Include="src\LogicView.cpp">
      <Filter>Source Files</Filter>
    </ClCompile>
    <ClCompile Include="src\LogView.cpp">
      <Filter>Source Files</Filter>
    </ClCompile>
    <ClCompile Include="src\MainBrain.cpp">
      <Filter>Source Files</Filter>
    </ClCompile>
    <ClCompile Include="src\MainFrame.cpp">
      <Filter>Source Files</Filter>
    </ClCompile>
    <ClCompile Include="src\MapView.cpp">
      <Filter>Source Files</Filter>
    </ClCompile>
    <ClCompile Include="src\MemoryView.cpp">
      <Filter>Source Files</Filter>
    </ClCompile>
    <ClCompile Include="src\NavigationBar.cpp">
      <Filter>Source Files</Filter>
    </ClCompile>
    <ClCompile Include="src\Object3D.cpp">
      <Filter>Source Files</Filter>
    </ClCompile>
    <ClCompile Include="src\ObjectView.cpp">
      <Filter>Source Files</Filter>
    </ClCompile>
    <ClCompile Include="src\OptionView.cpp">
      <Filter>Source Files</Filter>
    </ClCompile>
    <ClCompile Include="src\OutputWin.cpp">
      <Filter>Source Files</Filter>
    </ClCompile>
    <ClCompile Include="src\PerformanceView.cpp">
      <Filter>Source Files</Filter>
    </ClCompile>
    <ClCompile Include="src\StatusBar.cpp">
      <Filter>Source Files</Filter>
    </ClCompile>
    <ClCompile Include="src\SubclassWnd.cpp">
      <Filter>Source Files</Filter>
    </ClCompile>
    <ClCompile Include="src\SystemSetting.cpp">
      <Filter>Source Files</Filter>
    </ClCompile>
    <ClCompile Include="src\TitleView.cpp">
      <Filter>Source Files</Filter>
    </ClCompile>
    <ClCompile Include="src\WorldShow.cpp">
      <Filter>Source Files</Filter>
    </ClCompile>
    <ClCompile Include="src\Win32Tool.cpp">
      <Filter>Source Files</Filter>
    </ClCompile>
    <ClCompile Include="src\MouseWheelMgr.cpp">
      <Filter>Source Files</Filter>
    </ClCompile>
    <ClCompile Include="src\UseShGetFileInfo.cpp">
      <Filter>Source Files</Filter>
    </ClCompile>
    <ClCompile Include="src\zip_utils\unzip.cpp">
      <Filter>Source Files</Filter>
    </ClCompile>
    <ClCompile Include="src\Room3D.cpp">
      <Filter>Source Files</Filter>
    </ClCompile>
  </ItemGroup>
  <ItemGroup>
    <ResourceCompile Include="src\GMIS.rc">
      <Filter>Source Files</Filter>
    </ResourceCompile>
  </ItemGroup>
  <ItemGroup>
    <ClInclude Include="src\AddressBar.h">
      <Filter>Header Files</Filter>
    </ClInclude>
    <ClInclude Include="src\AppBar.h">
      <Filter>Header Files</Filter>
    </ClInclude>
    <ClInclude Include="src\Conversation.h">
      <Filter>Header Files</Filter>
    </ClInclude>
    <ClInclude Include="src\DebugView.h">
      <Filter>Header Files</Filter>
    </ClInclude>
    <ClInclude Include="src\DialogView.h">
      <Filter>Header Files</Filter>
    </ClInclude>
    <ClInclude Include="src\EditWin.h">
      <Filter>Header Files</Filter>
    </ClInclude>
    <ClInclude Include="src\FindView.h">
      <Filter>Header Files</Filter>
    </ClInclude>
    <ClInclude Include="src\GMIS.H">
      <Filter>Header Files</Filter>
    </ClInclude>
    <ClInclude Include="src\GuiGadget.h">
      <Filter>Header Files</Filter>
    </ClInclude>
    <ClInclude Include="src\InputWin.h">
      <Filter>Header Files</Filter>
    </ClInclude>
    <ClInclude Include="src\LineNumEdit.h">
      <Filter>Header Files</Filter>
    </ClInclude>
    <ClInclude Include="src\LinkerView.h">
      <Filter>Header Files</Filter>
    </ClInclude>
    <ClInclude Include="src\LocalObjectView.h">
      <Filter>Header Files</Filter>
    </ClInclude>
    <ClInclude Include="src\LogicView.h">
      <Filter>Header Files</Filter>
    </ClInclude>
    <ClInclude Include="src\LogView.h">
      <Filter>Header Files</Filter>
    </ClInclude>
    <ClInclude Include="src\MainBrain.h">
      <Filter>Header Files</Filter>
    </ClInclude>
    <ClInclude Include="src\MainFrame.h">
      <Filter>Header Files</Filter>
    </ClInclude>
    <ClInclude Include="src\MapView.h">
      <Filter>Header Files</Filter>
    </ClInclude>
    <ClInclude Include="src\MemoryView.h">
      <Filter>Header Files</Filter>
    </ClInclude>
    <ClInclude Include="src\NavigationBar.h">
      <Filter>Header Files</Filter>
    </ClInclude>
    <ClInclude Include="src\Object3D.h">
      <Filter>Header Files</Filter>
    </ClInclude>
    <ClInclude Include="src\ObjectView.h">
      <Filter>Header Files</Filter>
    </ClInclude>
    <ClInclude Include="src\OptionView.h">
      <Filter>Header Files</Filter>
    </ClInclude>
    <ClInclude Include="src\OutputWin.h">
      <Filter>Header Files</Filter>
    </ClInclude>
    <ClInclude Include="src\PerformanceView.h">
      <Filter>Header Files</Filter>
    </ClInclude>
    <ClInclude Include="src\resource.h">
      <Filter>Header Files</Filter>
    </ClInclude>
    <ClInclude Include="src\StatusBar.h">
      <Filter>Header Files</Filter>
    </ClInclude>
    <ClInclude Include="src\SubclassWnd.h">
      <Filter>Header Files</Filter>
    </ClInclude>
    <ClInclude Include="src\SystemSetting.h">
      <Filter>Header Files</Filter>
    </ClInclude>
    <ClInclude Include="src\TitleView.h">
      <Filter>Header Files</Filter>
    </ClInclude>
    <ClInclude Include="src\WorldShow.h">
      <Filter>Header Files</Filter>
    </ClInclude>
    <ClInclude Include="src\Win32Tool.h">
      <Filter>Header Files</Filter>
    </ClInclude>
    <ClInclude Include="src\MouseWheelMgr.h">
      <Filter>Header Files</Filter>
    </ClInclude>
    <ClInclude Include="src\UseShGetFileInfo.h">
      <Filter>Header Files</Filter>
    </ClInclude>
    <ClInclude Include="src\zip_utils\unzip.h">
      <Filter>Header Files</Filter>
    </ClInclude>
    <ClInclude Include="src\Room3D.h">
      <Filter>Header Files</Filter>
    </ClInclude>
  </ItemGroup>
  <ItemGroup>
    <CustomBuild Include="..\..\..\..\src\GMIS_WIN\CAPACITO.ICO">
      <Filter>Resource Files</Filter>
    </CustomBuild>
    <CustomBuild Include="CAPACITO.ICO">
      <Filter>Resource Files</Filter>
    </CustomBuild>
    <CustomBuild Include="res\capacito.ico">
      <Filter>Resource Files</Filter>
    </CustomBuild>
    <CustomBuild Include="..\..\..\..\src\GMIS_WIN\CAPACITOR.ICO">
      <Filter>Resource Files</Filter>
    </CustomBuild>
    <CustomBuild Include="..\..\..\..\src\GMIS_WIN\res\CAPACITOR.ICO">
      <Filter>Resource Files</Filter>
    </CustomBuild>
    <CustomBuild Include="..\..\..\..\src\GMIS_WIN\res\ceiling.BMP">
      <Filter>Resource Files</Filter>
    </CustomBuild>
    <CustomBuild Include="..\..\..\..\src\GMIS_WIN\res\door.BMP">
      <Filter>Resource Files</Filter>
    </CustomBuild>
    <CustomBuild Include="..\..\..\..\src\GMIS_WIN\res\earth globe.ico">
      <Filter>Resource Files</Filter>
    </CustomBuild>
    <CustomBuild Include="..\..\..\..\src\GMIS_WIN\res\floor.bmp">
      <Filter>Resource Files</Filter>
    </CustomBuild>
    <CustomBuild Include="icon1.ico">
      <Filter>Resource Files</Filter>
    </CustomBuild>
    <CustomBuild Include="res\icon1.ico">
      <Filter>Resource Files</Filter>
    </CustomBuild>
    <CustomBuild Include="icon2.ico">
      <Filter>Resource Files</Filter>
    </CustomBuild>
    <CustomBuild Include="..\..\..\..\src\GMIS_WIN\INDUCTOR.ICO">
      <Filter>Resource Files</Filter>
    </CustomBuild>
    <CustomBuild Include="..\..\..\..\src\GMIS_WIN\res\INDUCTOR.ICO">
      <Filter>Resource Files</Filter>
    </CustomBuild>
    <CustomBuild Include="INDUCTOR.ICO">
      <Filter>Resource Files</Filter>
    </CustomBuild>
    <CustomBuild Include="res\inductor.ico">
      <Filter>Resource Files</Filter>
    </CustomBuild>
    <CustomBuild Include="..\..\..\..\src\GMIS_WIN\Logic.ICO">
      <Filter>Resource Files</Filter>
    </CustomBuild>
    <CustomBuild Include="..\..\..\..\src\GMIS_WIN\res\Logic.ICO">
      <Filter>Resource Files</Filter>
    </CustomBuild>
    <CustomBuild Include="..\..\..\..\src\GMIS_WIN\Main.ico">
      <Filter>Resource Files</Filter>
    </CustomBuild>
    <CustomBuild Include="..\..\..\..\src\GMIS_WIN\res\Main.ico">
      <Filter>Resource Files</Filter>
    </CustomBuild>
    <CustomBuild Include="..\..\..\..\src\GMIS_WIN\res\metal.bmp">
      <Filter>Resource Files</Filter>
    </CustomBuild>
    <CustomBuild Include="..\..\..\..\src\GMIS_WIN\res\Navibar.bmp">
      <Filter>Resource Files</Filter>
    </CustomBuild>
    <CustomBuild Include="..\..\..\..\src\GMIS_WIN\res\poker.bmp">
      <Filter>Resource Files</Filter>
    </CustomBuild>
    <CustomBuild Include="poker.bmp">
      <Filter>Resource Files</Filter>
    </CustomBuild>
    <CustomBuild Include="..\..\..\src\WebRobot\poker.bmp">
      <Filter>Resource Files</Filter>
    </CustomBuild>
    <CustomBuild Include="..\..\..\..\src\GMIS_WIN\res\roomwall.BMP">
      <Filter>Resource Files</Filter>
    </CustomBuild>
    <CustomBuild Include="..\..\..\..\src\GMIS_WIN\res\unblock.ico">
      <Filter>Resource Files</Filter>
    </CustomBuild>
    <CustomBuild Include="..\..\..\..\src\GMIS_WIN\res\Wall.bmp">
      <Filter>Resource Files</Filter>
    </CustomBuild>
    <CustomBuild Include="..\..\..\..\src\GMIS_WIN\res\木门.ico">
      <Filter>Resource Files</Filter>
    </CustomBuild>
    <CustomBuild Include="..\..\..\..\src\GMIS_WIN\res\文件夹.ico">
      <Filter>Resource Files</Filter>
    </CustomBuild>
    <CustomBuild Include="ReadMe.txt" />
  </ItemGroup>
  <ItemGroup>
    <None Include="src\res\Main.ico">
      <Filter>Resource Files</Filter>
    </None>
    <None Include="src\res\CAPACITOR.ICO">
      <Filter>Resource Files</Filter>
    </None>
    <None Include="src\res\INDUCTOR.ICO">
      <Filter>Resource Files</Filter>
    </None>
    <None Include="src\res\Logic.ICO">
      <Filter>Resource Files</Filter>
    </None>
    <None Include="src\res\earth globe.ico">
      <Filter>Resource Files</Filter>
    </None>
    <None Include="src\res\文件夹.ico">
      <Filter>Resource Files</Filter>
    </None>
    <None Include="src\res\unblock.ico">
      <Filter>Resource Files</Filter>
    </None>
    <None Include="src\res\木门.ico">
      <Filter>Resource Files</Filter>
    </None>
    <None Include="src\res\Navibar.bmp">
      <Filter>Resource Files</Filter>
    </None>
    <None Include="src\res\ceiling.BMP">
      <Filter>Resource Files</Filter>
    </None>
    <None Include="src\res\door.BMP">
      <Filter>Resource Files</Filter>
    </None>
    <None Include="src\res\metal.bmp">
      <Filter>Resource Files</Filter>
    </None>
    <None Include="src\res\roomwall.BMP">
      <Filter>Resource Files</Filter>
    </None>
    <None Include="src\res\Wall.bmp">
      <Filter>Resource Files</Filter>
    </None>
    <None Include="src\res\floor.bmp">
      <Filter>Resource Files</Filter>
    </None>
  </ItemGroup>
</Project>